
Microsoft Visual Studio Solution File, Format Version 12.00
# Visual Studio Version 17
VisualStudioVersion = 17.8.34309.116
MinimumVisualStudioVersion = 10.0.40219.1
Project("{2150E333-8FDC-42A3-9474-1A3956D46DE8}") = "Services", "Services", "{122D5CD2-BAA8-4222-83AD-F7A8BE123C75}"
EndProject
Project("{2150E333-8FDC-42A3-9474-1A3956D46DE8}") = "Integration", "Integration", "{B1081107-740E-4618-A32A-98E386F62FD9}"
EndProject
Project("{2150E333-8FDC-42A3-9474-1A3956D46DE8}") = "WebClient", "WebClient", "{09C668F1-80B8-47A6-A5F3-7B1B21C53138}"
EndProject
Project("{9A19103F-16F7-4668-BE54-9A1E7A4F7556}") = "WebClient", "WebClient\WebClient.csproj", "{326500F5-61AB-4C0E-B978-DB70757176B0}"
EndProject
Project("{2150E333-8FDC-42A3-9474-1A3956D46DE8}") = "Auth", "Auth", "{70AE5342-93D6-455E-B13E-68D20DB30021}"
EndProject
Project("{2150E333-8FDC-42A3-9474-1A3956D46DE8}") = "Catalog", "Catalog", "{9D0BAFC1-A787-4F67-A8DC-5FFCCA01CFB0}"
EndProject
Project("{2150E333-8FDC-42A3-9474-1A3956D46DE8}") = "Inventory", "Inventory", "{ECD6B5EC-95D8-469A-A473-9FADE95909B1}"
EndProject
Project("{2150E333-8FDC-42A3-9474-1A3956D46DE8}") = "Orders", "Orders", "{4FC2ED61-1898-4C60-BBA8-D26B3F4F01DF}"
EndProject
Project("{2150E333-8FDC-42A3-9474-1A3956D46DE8}") = "Cart", "Cart", "{6B43D70E-49DA-42FF-A6DE-AFB4564BE342}"
EndProject
Project("{9A19103F-16F7-4668-BE54-9A1E7A4F7556}") = "Services.Auth", "Services\Auth\Services.Auth\Services.Auth.csproj", "{A9F022F9-C9C3-4012-8B6C-4EBB621C47A8}"
EndProject
Project("{9A19103F-16F7-4668-BE54-9A1E7A4F7556}") = "Services.Auth.Tests", "Services\Auth\Services.Auth.Tests\Services.Auth.Tests.csproj", "{8A8F90A2-C6F7-4705-AB2F-7581E6838AEC}"
EndProject
Project("{9A19103F-16F7-4668-BE54-9A1E7A4F7556}") = "Services.Catalog", "Services\Catalog\Services.Catalog\Services.Catalog.csproj", "{A73A1893-C2EC-4BB3-89E7-19564F32548A}"
EndProject
Project("{9A19103F-16F7-4668-BE54-9A1E7A4F7556}") = "Services.Catalog.Tests", "Services\Catalog\Services.Catalog.Tests\Services.Catalog.Tests.csproj", "{C7B54212-8F9A-49E4-AC22-99580B2563D6}"
EndProject
Project("{FAE04EC0-301F-11D3-BF4B-00C04F79EFBC}") = "Services.Cart", "Services\Cart\Services.Cart\Services.Cart.csproj", "{E8BF718E-60C9-4C46-AB19-7FBDB4227858}"
EndProject
Project("{FAE04EC0-301F-11D3-BF4B-00C04F79EFBC}") = "Services.Cart.Tests", "Services\Cart\Services.Cart.Tests\Services.Cart.Tests.csproj", "{B313712B-BD8F-40CA-95F6-ED60EFE4BE6B}"
EndProject
Global
	GlobalSection(SolutionConfigurationPlatforms) = preSolution
		Debug|Any CPU = Debug|Any CPU
		Release|Any CPU = Release|Any CPU
	EndGlobalSection
	GlobalSection(ProjectConfigurationPlatforms) = postSolution
		{326500F5-61AB-4C0E-B978-DB70757176B0}.Debug|Any CPU.ActiveCfg = Debug|Any CPU
		{326500F5-61AB-4C0E-B978-DB70757176B0}.Debug|Any CPU.Build.0 = Debug|Any CPU
		{326500F5-61AB-4C0E-B978-DB70757176B0}.Release|Any CPU.ActiveCfg = Release|Any CPU
		{326500F5-61AB-4C0E-B978-DB70757176B0}.Release|Any CPU.Build.0 = Release|Any CPU
		{A9F022F9-C9C3-4012-8B6C-4EBB621C47A8}.Debug|Any CPU.ActiveCfg = Debug|Any CPU
		{A9F022F9-C9C3-4012-8B6C-4EBB621C47A8}.Debug|Any CPU.Build.0 = Debug|Any CPU
		{A9F022F9-C9C3-4012-8B6C-4EBB621C47A8}.Release|Any CPU.ActiveCfg = Release|Any CPU
		{A9F022F9-C9C3-4012-8B6C-4EBB621C47A8}.Release|Any CPU.Build.0 = Release|Any CPU
		{8A8F90A2-C6F7-4705-AB2F-7581E6838AEC}.Debug|Any CPU.ActiveCfg = Debug|Any CPU
		{8A8F90A2-C6F7-4705-AB2F-7581E6838AEC}.Debug|Any CPU.Build.0 = Debug|Any CPU
		{8A8F90A2-C6F7-4705-AB2F-7581E6838AEC}.Release|Any CPU.ActiveCfg = Release|Any CPU
		{8A8F90A2-C6F7-4705-AB2F-7581E6838AEC}.Release|Any CPU.Build.0 = Release|Any CPU
		{A73A1893-C2EC-4BB3-89E7-19564F32548A}.Debug|Any CPU.ActiveCfg = Debug|Any CPU
		{A73A1893-C2EC-4BB3-89E7-19564F32548A}.Debug|Any CPU.Build.0 = Debug|Any CPU
		{A73A1893-C2EC-4BB3-89E7-19564F32548A}.Release|Any CPU.ActiveCfg = Release|Any CPU
		{A73A1893-C2EC-4BB3-89E7-19564F32548A}.Release|Any CPU.Build.0 = Release|Any CPU
		{C7B54212-8F9A-49E4-AC22-99580B2563D6}.Debug|Any CPU.ActiveCfg = Debug|Any CPU
		{C7B54212-8F9A-49E4-AC22-99580B2563D6}.Debug|Any CPU.Build.0 = Debug|Any CPU
		{C7B54212-8F9A-49E4-AC22-99580B2563D6}.Release|Any CPU.ActiveCfg = Release|Any CPU
		{C7B54212-8F9A-49E4-AC22-99580B2563D6}.Release|Any CPU.Build.0 = Release|Any CPU
		{E8BF718E-60C9-4C46-AB19-7FBDB4227858}.Debug|Any CPU.ActiveCfg = Debug|Any CPU
		{E8BF718E-60C9-4C46-AB19-7FBDB4227858}.Debug|Any CPU.Build.0 = Debug|Any CPU
		{E8BF718E-60C9-4C46-AB19-7FBDB4227858}.Release|Any CPU.ActiveCfg = Release|Any CPU
		{E8BF718E-60C9-4C46-AB19-7FBDB4227858}.Release|Any CPU.Build.0 = Release|Any CPU
		{B313712B-BD8F-40CA-95F6-ED60EFE4BE6B}.Debug|Any CPU.ActiveCfg = Debug|Any CPU
		{B313712B-BD8F-40CA-95F6-ED60EFE4BE6B}.Debug|Any CPU.Build.0 = Debug|Any CPU
		{B313712B-BD8F-40CA-95F6-ED60EFE4BE6B}.Release|Any CPU.ActiveCfg = Release|Any CPU
		{B313712B-BD8F-40CA-95F6-ED60EFE4BE6B}.Release|Any CPU.Build.0 = Release|Any CPU
	EndGlobalSection
	GlobalSection(SolutionProperties) = preSolution
		HideSolutionNode = FALSE
	EndGlobalSection
	GlobalSection(NestedProjects) = preSolution
		{326500F5-61AB-4C0E-B978-DB70757176B0} = {09C668F1-80B8-47A6-A5F3-7B1B21C53138}
		{70AE5342-93D6-455E-B13E-68D20DB30021} = {122D5CD2-BAA8-4222-83AD-F7A8BE123C75}
		{9D0BAFC1-A787-4F67-A8DC-5FFCCA01CFB0} = {122D5CD2-BAA8-4222-83AD-F7A8BE123C75}
		{ECD6B5EC-95D8-469A-A473-9FADE95909B1} = {122D5CD2-BAA8-4222-83AD-F7A8BE123C75}
		{4FC2ED61-1898-4C60-BBA8-D26B3F4F01DF} = {122D5CD2-BAA8-4222-83AD-F7A8BE123C75}
		{6B43D70E-49DA-42FF-A6DE-AFB4564BE342} = {122D5CD2-BAA8-4222-83AD-F7A8BE123C75}
		{A9F022F9-C9C3-4012-8B6C-4EBB621C47A8} = {70AE5342-93D6-455E-B13E-68D20DB30021}
		{8A8F90A2-C6F7-4705-AB2F-7581E6838AEC} = {70AE5342-93D6-455E-B13E-68D20DB30021}
		{A73A1893-C2EC-4BB3-89E7-19564F32548A} = {9D0BAFC1-A787-4F67-A8DC-5FFCCA01CFB0}
		{C7B54212-8F9A-49E4-AC22-99580B2563D6} = {9D0BAFC1-A787-4F67-A8DC-5FFCCA01CFB0}
		{E8BF718E-60C9-4C46-AB19-7FBDB4227858} = {6B43D70E-49DA-42FF-A6DE-AFB4564BE342}
		{B313712B-BD8F-40CA-95F6-ED60EFE4BE6B} = {6B43D70E-49DA-42FF-A6DE-AFB4564BE342}
	EndGlobalSection
	GlobalSection(ExtensibilityGlobals) = postSolution
		SolutionGuid = {6C487B54-D768-4E9D-946C-7D06F182633A}
	EndGlobalSection
EndGlobal
